
Microsoft Visual Studio Solution File, Format Version 12.00
# Visual Studio 15
VisualStudioVersion = 15.0.26124.0
MinimumVisualStudioVersion = 15.0.26124.0
Project("{FAE04EC0-301F-11D3-BF4B-00C04F79EFBC}") = "SolarCoffee.Data", "SolarCoffee.Data\SolarCoffee.Data.csproj", "{717AAD1A-B85F-4A9B-9F6E-FFF63048A346}"
EndProject
Project("{FAE04EC0-301F-11D3-BF4B-00C04F79EFBC}") = "SolarCoffee.Services", "SolarCoffee.Services\SolarCoffee.Services.csproj", "{354BA789-5D40-45A3-A3B1-BB84C439C856}"
EndProject
Project("{FAE04EC0-301F-11D3-BF4B-00C04F79EFBC}") = "SolarCoffee.Test", "SolarCoffee.Test\SolarCoffee.Test.csproj", "{54FAC3B8-E585-48A9-82E0-24962BECA57B}"
EndProject
Project("{FAE04EC0-301F-11D3-BF4B-00C04F79EFBC}") = "SolarCoffee.Web", "SolarCoffee.Web\SolarCoffee.Web.csproj", "{2695AF0B-BA19-4403-AC47-7F51C621A05F}"
EndProject
Global
	GlobalSection(SolutionConfigurationPlatforms) = preSolution
		Debug|Any CPU = Debug|Any CPU
		Debug|x64 = Debug|x64
		Debug|x86 = Debug|x86
		Release|Any CPU = Release|Any CPU
		Release|x64 = Release|x64
		Release|x86 = Release|x86
	EndGlobalSection
	GlobalSection(SolutionProperties) = preSolution
		HideSolutionNode = FALSE
	EndGlobalSection
	GlobalSection(ProjectConfigurationPlatforms) = postSolution
		{717AAD1A-B85F-4A9B-9F6E-FFF63048A346}.Debug|Any CPU.ActiveCfg = Debug|Any CPU
		{717AAD1A-B85F-4A9B-9F6E-FFF63048A346}.Debug|Any CPU.Build.0 = Debug|Any CPU
		{717AAD1A-B85F-4A9B-9F6E-FFF63048A346}.Debug|x64.ActiveCfg = Debug|Any CPU
		{717AAD1A-B85F-4A9B-9F6E-FFF63048A346}.Debug|x64.Build.0 = Debug|Any CPU
		{717AAD1A-B85F-4A9B-9F6E-FFF63048A346}.Debug|x86.ActiveCfg = Debug|Any CPU
		{717AAD1A-B85F-4A9B-9F6E-FFF63048A346}.Debug|x86.Build.0 = Debug|Any CPU
		{717AAD1A-B85F-4A9B-9F6E-FFF63048A346}.Release|Any CPU.ActiveCfg = Release|Any CPU
		{717AAD1A-B85F-4A9B-9F6E-FFF63048A346}.Release|Any CPU.Build.0 = Release|Any CPU
		{717AAD1A-B85F-4A9B-9F6E-FFF63048A346}.Release|x64.ActiveCfg = Release|Any CPU
		{717AAD1A-B85F-4A9B-9F6E-FFF63048A346}.Release|x64.Build.0 = Release|Any CPU
		{717AAD1A-B85F-4A9B-9F6E-FFF63048A346}.Release|x86.ActiveCfg = Release|Any CPU
		{717AAD1A-B85F-4A9B-9F6E-FFF63048A346}.Release|x86.Build.0 = Release|Any CPU
		{354BA789-5D40-45A3-A3B1-BB84C439C856}.Debug|Any CPU.ActiveCfg = Debug|Any CPU
		{354BA789-5D40-45A3-A3B1-BB84C439C856}.Debug|Any CPU.Build.0 = Debug|Any CPU
		{354BA789-5D40-45A3-A3B1-BB84C439C856}.Debug|x64.ActiveCfg = Debug|Any CPU
		{354BA789-5D40-45A3-A3B1-BB84C439C856}.Debug|x64.Build.0 = Debug|Any CPU
		{354BA789-5D40-45A3-A3B1-BB84C439C856}.Debug|x86.ActiveCfg = Debug|Any CPU
		{354BA789-5D40-45A3-A3B1-BB84C439C856}.Debug|x86.Build.0 = Debug|Any CPU
		{354BA789-5D40-45A3-A3B1-BB84C439C856}.Release|Any CPU.ActiveCfg = Release|Any CPU
		{354BA789-5D40-45A3-A3B1-BB84C439C856}.Release|Any CPU.Build.0 = Release|Any CPU
		{354BA789-5D40-45A3-A3B1-BB84C439C856}.Release|x64.ActiveCfg = Release|Any CPU
		{354BA789-5D40-45A3-A3B1-BB84C439C856}.Release|x64.Build.0 = Release|Any CPU
		{354BA789-5D40-45A3-A3B1-BB84C439C856}.Release|x86.ActiveCfg = Release|Any CPU
		{354BA789-5D40-45A3-A3B1-BB84C439C856}.Release|x86.Build.0 = Release|Any CPU
		{54FAC3B8-E585-48A9-82E0-24962BECA57B}.Debug|Any CPU.ActiveCfg = Debug|Any CPU
		{54FAC3B8-E585-48A9-82E0-24962BECA57B}.Debug|Any CPU.Build.0 = Debug|Any CPU
		{54FAC3B8-E585-48A9-82E0-24962BECA57B}.Debug|x64.ActiveCfg = Debug|Any CPU
		{54FAC3B8-E585-48A9-82E0-24962BECA57B}.Debug|x64.Build.0 = Debug|Any CPU
		{54FAC3B8-E585-48A9-82E0-24962BECA57B}.Debug|x86.ActiveCfg = Debug|Any CPU
		{54FAC3B8-E585-48A9-82E0-24962BECA57B}.Debug|x86.Build.0 = Debug|Any CPU
		{54FAC3B8-E585-48A9-82E0-24962BECA57B}.Release|Any CPU.ActiveCfg = Release|Any CPU
		{54FAC3B8-E585-48A9-82E0-24962BECA57B}.Release|Any CPU.Build.0 = Release|Any CPU
		{54FAC3B8-E585-48A9-82E0-24962BECA57B}.Release|x64.ActiveCfg = Release|Any CPU
		{54FAC3B8-E585-48A9-82E0-24962BECA57B}.Release|x64.Build.0 = Release|Any CPU
		{54FAC3B8-E585-48A9-82E0-24962BECA57B}.Release|x86.ActiveCfg = Release|Any CPU
		{54FAC3B8-E585-48A9-82E0-24962BECA57B}.Release|x86.Build.0 = Release|Any CPU
		{2695AF0B-BA19-4403-AC47-7F51C621A05F}.Debug|Any CPU.ActiveCfg = Debug|Any CPU
		{2695AF0B-BA19-4403-AC47-7F51C621A05F}.Debug|Any CPU.Build.0 = Debug|Any CPU
		{2695AF0B-BA19-4403-AC47-7F51C621A05F}.Debug|x64.ActiveCfg = Debug|Any CPU
		{2695AF0B-BA19-4403-AC47-7F51C621A05F}.Debug|x64.Build.0 = Debug|Any CPU
		{2695AF0B-BA19-4403-AC47-7F51C621A05F}.Debug|x86.ActiveCfg = Debug|Any CPU
		{2695AF0B-BA19-4403-AC47-7F51C621A05F}.Debug|x86.Build.0 = Debug|Any CPU
		{2695AF0B-BA19-4403-AC47-7F51C621A05F}.Release|Any CPU.ActiveCfg = Release|Any CPU
		{2695AF0B-BA19-4403-AC47-7F51C621A05F}.Release|Any CPU.Build.0 = Release|Any CPU
		{2695AF0B-BA19-4403-AC47-7F51C621A05F}.Release|x64.ActiveCfg = Release|Any CPU
		{2695AF0B-BA19-4403-AC47-7F51C621A05F}.Release|x64.Build.0 = Release|Any CPU
		{2695AF0B-BA19-4403-AC47-7F51C621A05F}.Release|x86.ActiveCfg = Release|Any CPU
		{2695AF0B-BA19-4403-AC47-7F51C621A05F}.Release|x86.Build.0 = Release|Any CPU
	EndGlobalSection
EndGlobal
